
Microsoft Visual Studio Solution File, Format Version 12.00
# Visual Studio Version 17
VisualStudioVersion = 17.11.35222.181
MinimumVisualStudioVersion = 10.0.40219.1
Project("{8BC9CEB8-8B4A-11D0-8D11-00A0C91BC942}") = "1-1", "1-1\1-1.vcxproj", "{8AABA339-7A25-4E88-89C0-6F4E24792D0B}"
EndProject
Global
	GlobalSection(SolutionConfigurationPlatforms) = preSolution
		Debug|x64 = Debug|x64
		Debug|x86 = Debug|x86
		Release|x64 = Release|x64
		Release|x86 = Release|x86
	EndGlobalSection
	GlobalSection(ProjectConfigurationPlatforms) = postSolution
		{8AABA339-7A25-4E88-89C0-6F4E24792D0B}.Debug|x64.ActiveCfg = Debug|x64
		{8AABA339-7A25-4E88-89C0-6F4E24792D0B}.Debug|x64.Build.0 = Debug|x64
		{8AABA339-7A25-4E88-89C0-6F4E24792D0B}.Debug|x86.ActiveCfg = Debug|Win32
		{8AABA339-7A25-4E88-89C0-6F4E24792D0B}.Debug|x86.Build.0 = Debug|Win32
		{8AABA339-7A25-4E88-89C0-6F4E24792D0B}.Release|x64.ActiveCfg = Release|x64
		{8AABA339-7A25-4E88-89C0-6F4E24792D0B}.Release|x64.Build.0 = Release|x64
		{8AABA339-7A25-4E88-89C0-6F4E24792D0B}.Release|x86.ActiveCfg = Release|Win32
		{8AABA339-7A25-4E88-89C0-6F4E24792D0B}.Release|x86.Build.0 = Release|Win32
	EndGlobalSection
	GlobalSection(SolutionProperties) = preSolution
		HideSolutionNode = FALSE
	EndGlobalSection
	GlobalSection(ExtensibilityGlobals) = postSolution
		SolutionGuid = {C6E9ED0D-E957-45CB-8F40-7BD56393F4E0}
	EndGlobalSection
EndGlobal
